
Microsoft Visual Studio Solution File, Format Version 12.00
# Visual Studio Version 17
VisualStudioVersion = 17.8.34212.112
MinimumVisualStudioVersion = 10.0.40219.1
Project("{9A19103F-16F7-4668-BE54-9A1E7A4F7556}") = "TangyBlazor_Server", "TangyBlazor_Server\TangyBlazor_Server.csproj", "{F4D2B77D-56E0-4065-9050-1E5B49B3BCAD}"
EndProject
Project("{9A19103F-16F7-4668-BE54-9A1E7A4F7556}") = "TangyBlazor_Client", "TangyBlazor_Client\TangyBlazor_Client.csproj", "{1F4389FB-7E2D-400F-9C32-83BEFEB718CD}"
EndProject
Project("{9A19103F-16F7-4668-BE54-9A1E7A4F7556}") = "Models", "Models\Models.csproj", "{944907A0-7A59-48A2-80FD-8AAC37AEA844}"
EndProject
Project("{9A19103F-16F7-4668-BE54-9A1E7A4F7556}") = "TangyBlazor_UseCases", "TangyBlazor_UseCases\TangyBlazor_UseCases.csproj", "{0E443EA1-7CA8-4A1F-A88C-DD26EF5D1EE0}"
EndProject
Project("{9A19103F-16F7-4668-BE54-9A1E7A4F7556}") = "TangyBlazor_Common", "TangyBlazor_Common\TangyBlazor_Common.csproj", "{04E7DE7E-F2F2-4CB6-8ACF-43030ACD776A}"
EndProject
Project("{9A19103F-16F7-4668-BE54-9A1E7A4F7556}") = "TangyBlazor_DataAccess", "TangyBlazor_DataAccess\TangyBlazor_DataAccess.csproj", "{1BA0AEB2-5BA3-49B1-B070-A6909A3FE924}"
EndProject
Global
	GlobalSection(SolutionConfigurationPlatforms) = preSolution
		Debug|Any CPU = Debug|Any CPU
		Release|Any CPU = Release|Any CPU
	EndGlobalSection
	GlobalSection(ProjectConfigurationPlatforms) = postSolution
		{F4D2B77D-56E0-4065-9050-1E5B49B3BCAD}.Debug|Any CPU.ActiveCfg = Debug|Any CPU
		{F4D2B77D-56E0-4065-9050-1E5B49B3BCAD}.Debug|Any CPU.Build.0 = Debug|Any CPU
		{F4D2B77D-56E0-4065-9050-1E5B49B3BCAD}.Release|Any CPU.ActiveCfg = Release|Any CPU
		{F4D2B77D-56E0-4065-9050-1E5B49B3BCAD}.Release|Any CPU.Build.0 = Release|Any CPU
		{1F4389FB-7E2D-400F-9C32-83BEFEB718CD}.Debug|Any CPU.ActiveCfg = Debug|Any CPU
		{1F4389FB-7E2D-400F-9C32-83BEFEB718CD}.Debug|Any CPU.Build.0 = Debug|Any CPU
		{1F4389FB-7E2D-400F-9C32-83BEFEB718CD}.Release|Any CPU.ActiveCfg = Release|Any CPU
		{1F4389FB-7E2D-400F-9C32-83BEFEB718CD}.Release|Any CPU.Build.0 = Release|Any CPU
		{944907A0-7A59-48A2-80FD-8AAC37AEA844}.Debug|Any CPU.ActiveCfg = Debug|Any CPU
		{944907A0-7A59-48A2-80FD-8AAC37AEA844}.Debug|Any CPU.Build.0 = Debug|Any CPU
		{944907A0-7A59-48A2-80FD-8AAC37AEA844}.Release|Any CPU.ActiveCfg = Release|Any CPU
		{944907A0-7A59-48A2-80FD-8AAC37AEA844}.Release|Any CPU.Build.0 = Release|Any CPU
		{0E443EA1-7CA8-4A1F-A88C-DD26EF5D1EE0}.Debug|Any CPU.ActiveCfg = Debug|Any CPU
		{0E443EA1-7CA8-4A1F-A88C-DD26EF5D1EE0}.Debug|Any CPU.Build.0 = Debug|Any CPU
		{0E443EA1-7CA8-4A1F-A88C-DD26EF5D1EE0}.Release|Any CPU.ActiveCfg = Release|Any CPU
		{0E443EA1-7CA8-4A1F-A88C-DD26EF5D1EE0}.Release|Any CPU.Build.0 = Release|Any CPU
		{04E7DE7E-F2F2-4CB6-8ACF-43030ACD776A}.Debug|Any CPU.ActiveCfg = Debug|Any CPU
		{04E7DE7E-F2F2-4CB6-8ACF-43030ACD776A}.Debug|Any CPU.Build.0 = Debug|Any CPU
		{04E7DE7E-F2F2-4CB6-8ACF-43030ACD776A}.Release|Any CPU.ActiveCfg = Release|Any CPU
		{04E7DE7E-F2F2-4CB6-8ACF-43030ACD776A}.Release|Any CPU.Build.0 = Release|Any CPU
		{1BA0AEB2-5BA3-49B1-B070-A6909A3FE924}.Debug|Any CPU.ActiveCfg = Debug|Any CPU
		{1BA0AEB2-5BA3-49B1-B070-A6909A3FE924}.Debug|Any CPU.Build.0 = Debug|Any CPU
		{1BA0AEB2-5BA3-49B1-B070-A6909A3FE924}.Release|Any CPU.ActiveCfg = Release|Any CPU
		{1BA0AEB2-5BA3-49B1-B070-A6909A3FE924}.Release|Any CPU.Build.0 = Release|Any CPU
	EndGlobalSection
	GlobalSection(SolutionProperties) = preSolution
		HideSolutionNode = FALSE
	EndGlobalSection
	GlobalSection(ExtensibilityGlobals) = postSolution
		SolutionGuid = {9AA3E29C-3B54-4189-A10B-587AEB695E9F}
	EndGlobalSection
EndGlobal
